// !$*UTF8*$!
{
	archiveVersion = 1;
	classes = {
	};
	objectVersion = 48;
	objects = {

/* Begin PBXBuildFile section */
		D07E33C620637C7500A2B7F8 /* main.cpp in Sources */ = {isa = PBXBuildFile; fileRef = D07E33C520637C7500A2B7F8 /* main.cpp */; };
		D07F3CE32063807B00840987 /* consola.ttf in CopyFiles */ = {isa = PBXBuildFile; fileRef = D07F3CE12063803D00840987 /* consola.ttf */; };
/* End PBXBuildFile section */

/* Begin PBXCopyFilesBuildPhase section */
		D07F3CE22063806000840987 /* CopyFiles */ = {
			isa = PBXCopyFilesBuildPhase;
			buildActionMask = 2147483647;
			dstPath = "";
			dstSubfolderSpec = 16;
			files = (
				D07F3CE32063807B00840987 /* consola.ttf in CopyFiles */,
			);
			runOnlyForDeploymentPostprocessing = 0;
		};
/* End PBXCopyFilesBuildPhase section */

/* Begin PBXFileReference section */
		D07E33C220637C7500A2B7F8 /* SimulatedAnnealingPlacer */ = {isa = PBXFileReference; explicitFileType = "compiled.mach-o.executable"; includeInIndex = 0; path = SimulatedAnnealingPlacer; sourceTree = BUILT_PRODUCTS_DIR; };
		D07E33C520637C7500A2B7F8 /* main.cpp */ = {isa = PBXFileReference; lastKnownFileType = sourcecode.cpp.cpp; path = main.cpp; sourceTree = "<group>"; };
		D07E33E920637E1A00A2B7F8 /* SAPlacer.h */ = {isa = PBXFileReference; fileEncoding = 4; lastKnownFileType = sourcecode.c.h; path = SAPlacer.h; sourceTree = "<group>"; };
		D07F3CE12063803D00840987 /* consola.ttf */ = {isa = PBXFileReference; lastKnownFileType = file; path = consola.ttf; sourceTree = "<group>"; };
/* End PBXFileReference section */

/* Begin PBXFrameworksBuildPhase section */
		D07E33C020637C7500A2B7F8 /* Frameworks */ = {
			isa = PBXFrameworksBuildPhase;
			buildActionMask = 2147483647;
			files = (
			);
			runOnlyForDeploymentPostprocessing = 0;
		};
/* End PBXFrameworksBuildPhase section */

/* Begin PBXGroup section */
		D07E33BA20637C7500A2B7F8 = {
			isa = PBXGroup;
			children = (
				D07E33C420637C7500A2B7F8 /* SimulatedAnnealingPlacer */,
				D07E33C320637C7500A2B7F8 /* Products */,
			);
			sourceTree = "<group>";
		};
		D07E33C320637C7500A2B7F8 /* Products */ = {
			isa = PBXGroup;
			children = (
				D07E33C220637C7500A2B7F8 /* SimulatedAnnealingPlacer */,
			);
			name = Products;
			sourceTree = "<group>";
		};
		D07E33C420637C7500A2B7F8 /* SimulatedAnnealingPlacer */ = {
			isa = PBXGroup;
			children = (
				D07E33E920637E1A00A2B7F8 /* SAPlacer.h */,
				D07E33C520637C7500A2B7F8 /* main.cpp */,
				D07E33C720637C7500A2B7F8 /* Resources */,
			);
			path = SimulatedAnnealingPlacer;
			sourceTree = "<group>";
		};
		D07E33C720637C7500A2B7F8 /* Resources */ = {
			isa = PBXGroup;
			children = (
				D07F3CE12063803D00840987 /* consola.ttf */,
			);
			name = Resources;
			sourceTree = "<group>";
		};
/* End PBXGroup section */

/* Begin PBXNativeTarget section */
		D07E33C120637C7500A2B7F8 /* SimulatedAnnealingPlacer */ = {
			isa = PBXNativeTarget;
			buildConfigurationList = D07E33CE20637C7500A2B7F8 /* Build configuration list for PBXNativeTarget "SimulatedAnnealingPlacer" */;
			buildPhases = (
				D07E33BF20637C7500A2B7F8 /* Sources */,
				D07E33C020637C7500A2B7F8 /* Frameworks */,
				D07F3CE22063806000840987 /* CopyFiles */,
			);
			buildRules = (
			);
			dependencies = (
			);
			name = SimulatedAnnealingPlacer;
			productName = SimulatedAnnealingPlacer;
			productReference = D07E33C220637C7500A2B7F8 /* SimulatedAnnealingPlacer */;
			productType = "com.apple.product-type.tool";
		};
/* End PBXNativeTarget section */

/* Begin PBXProject section */
		D07E33BB20637C7500A2B7F8 /* Project object */ = {
			isa = PBXProject;
			attributes = {
				LastUpgradeCheck = 0920;
				ORGANIZATIONNAME = "Michel Kakulphimp";
				TargetAttributes = {
					D07E33C120637C7500A2B7F8 = {
						CreatedOnToolsVersion = 9.2;
						ProvisioningStyle = Automatic;
					};
				};
			};
			buildConfigurationList = D07E33BE20637C7500A2B7F8 /* Build configuration list for PBXProject "SimulatedAnnealingPlacer" */;
			compatibilityVersion = "Xcode 8.0";
			developmentRegion = en;
			hasScannedForEncodings = 0;
			knownRegions = (
				en,
			);
			mainGroup = D07E33BA20637C7500A2B7F8;
			productRefGroup = D07E33C320637C7500A2B7F8 /* Products */;
			projectDirPath = "";
			projectRoot = "";
			targets = (
				D07E33C120637C7500A2B7F8 /* SimulatedAnnealingPlacer */,
			);
		};
/* End PBXProject section */

/* Begin PBXSourcesBuildPhase section */
		D07E33BF20637C7500A2B7F8 /* Sources */ = {
			isa = PBXSourcesBuildPhase;
			buildActionMask = 2147483647;
			files = (
				D07E33C620637C7500A2B7F8 /* main.cpp in Sources */,
			);
			runOnlyForDeploymentPostprocessing = 0;
		};
/* End PBXSourcesBuildPhase section */

/* Begin XCBuildConfiguration section */
		D07E33CC20637C7500A2B7F8 /* Debug */ = {
			isa = XCBuildConfiguration;
			buildSettings = {
				ARCHS = "$(NATIVE_ARCH_ACTUAL)";
				CLANG_CXX_LANGUAGE_STANDARD = "c++0x";
				CLANG_CXX_LIBRARY = "libc++";
				FRAMEWORK_SEARCH_PATHS = (
					/Library/Frameworks/,
					"$(inherited)",
				);
				GCC_VERSION = com.apple.compilers.llvm.clang.1_0;
				HEADER_SEARCH_PATHS = (
					/usr/local/include/,
					"$(inherited)",
				);
				LIBRARY_SEARCH_PATHS = (
					/usr/local/lib/,
					"$(inherited)",
				);
				MACOSX_DEPLOYMENT_TARGET = 10.7;
				OTHER_LDFLAGS = (
					"$(inherited)",
					"$(SFML_SYSTEM)",
					"$(SFML_WINDOW)",
					"$(SFML_GRAPHICS)",
					"$(SFML_AUDIO)",
					"$(SFML_NETWORK)",
				);
				SFML_AUDIO = "";
				SFML_BINARY_TYPE = FRAMEWORKS;
				SFML_GRAPHICS = "$(SFML_LINK_PREFIX) sfml-graphics$(SFML_LINK_SUFFIX)";
				SFML_LINK_DYLIBS_PREFIX = "-l";
				SFML_LINK_DYLIBS_SUFFIX = "";
				SFML_LINK_FRAMEWORKS_PREFIX = "-framework";
				SFML_LINK_FRAMEWORKS_SUFFIX = "";
				SFML_LINK_PREFIX = "$(SFML_LINK_$(SFML_BINARY_TYPE)_PREFIX)";
				SFML_LINK_SUFFIX = "$(SFML_LINK_$(SFML_BINARY_TYPE)_SUFFIX)";
				SFML_NETWORK = "";
				SFML_SYSTEM = "$(SFML_LINK_PREFIX) sfml-system$(SFML_LINK_SUFFIX)";
				SFML_WINDOW = "$(SFML_LINK_PREFIX) sfml-window$(SFML_LINK_SUFFIX)";
				SUPPORTED_PLATFORMS = macosx;
			};
			name = Debug;
		};
		D07E33CD20637C7500A2B7F8 /* Release */ = {
			isa = XCBuildConfiguration;
			buildSettings = {
				ARCHS = "$(NATIVE_ARCH_ACTUAL)";
				CLANG_CXX_LANGUAGE_STANDARD = "c++0x";
				CLANG_CXX_LIBRARY = "libc++";
				FRAMEWORK_SEARCH_PATHS = (
					/Library/Frameworks/,
					"$(inherited)",
				);
				GCC_VERSION = com.apple.compilers.llvm.clang.1_0;
				HEADER_SEARCH_PATHS = (
					/usr/local/include/,
					"$(inherited)",
				);
				LIBRARY_SEARCH_PATHS = (
					/usr/local/lib/,
					"$(inherited)",
				);
				MACOSX_DEPLOYMENT_TARGET = 10.7;
				OTHER_LDFLAGS = (
					"$(inherited)",
					"$(SFML_SYSTEM)",
					"$(SFML_WINDOW)",
					"$(SFML_GRAPHICS)",
					"$(SFML_AUDIO)",
					"$(SFML_NETWORK)",
				);
				SFML_AUDIO = "";
				SFML_BINARY_TYPE = FRAMEWORKS;
				SFML_GRAPHICS = "$(SFML_LINK_PREFIX) sfml-graphics$(SFML_LINK_SUFFIX)";
				SFML_LINK_DYLIBS_PREFIX = "-l";
				SFML_LINK_DYLIBS_SUFFIX = "";
				SFML_LINK_FRAMEWORKS_PREFIX = "-framework";
				SFML_LINK_FRAMEWORKS_SUFFIX = "";
				SFML_LINK_PREFIX = "$(SFML_LINK_$(SFML_BINARY_TYPE)_PREFIX)";
				SFML_LINK_SUFFIX = "$(SFML_LINK_$(SFML_BINARY_TYPE)_SUFFIX)";
				SFML_NETWORK = "";
				SFML_SYSTEM = "$(SFML_LINK_PREFIX) sfml-system$(SFML_LINK_SUFFIX)";
				SFML_WINDOW = "$(SFML_LINK_PREFIX) sfml-window$(SFML_LINK_SUFFIX)";
				SUPPORTED_PLATFORMS = macosx;
			};
			name = Release;
		};
		D07E33CF20637C7500A2B7F8 /* Debug */ = {
			isa = XCBuildConfiguration;
			buildSettings = {
				CODE_SIGN_STYLE = Automatic;
				PRODUCT_NAME = "$(TARGET_NAME)";
			};
			name = Debug;
		};
		D07E33D020637C7500A2B7F8 /* Release */ = {
			isa = XCBuildConfiguration;
			buildSettings = {
				CODE_SIGN_STYLE = Automatic;
				PRODUCT_NAME = "$(TARGET_NAME)";
			};
			name = Release;
		};
/* End XCBuildConfiguration section */

/* Begin XCConfigurationList section */
		D07E33BE20637C7500A2B7F8 /* Build configuration list for PBXProject "SimulatedAnnealingPlacer" */ = {
			isa = XCConfigurationList;
			buildConfigurations = (
				D07E33CC20637C7500A2B7F8 /* Debug */,
				D07E33CD20637C7500A2B7F8 /* Release */,
			);
			defaultConfigurationIsVisible = 0;
			defaultConfigurationName = Release;
		};
		D07E33CE20637C7500A2B7F8 /* Build configuration list for PBXNativeTarget "SimulatedAnnealingPlacer" */ = {
			isa = XCConfigurationList;
			buildConfigurations = (
				D07E33CF20637C7500A2B7F8 /* Debug */,
				D07E33D020637C7500A2B7F8 /* Release */,
			);
			defaultConfigurationIsVisible = 0;
			defaultConfigurationName = Release;
		};
/* End XCConfigurationList section */
	};
	rootObject = D07E33BB20637C7500A2B7F8 /* Project object */;
}
